
Microsoft Visual Studio Solution File, Format Version 12.00
# Visual Studio Version 17
VisualStudioVersion = 17.7.34031.279
MinimumVisualStudioVersion = 10.0.40219.1
Project("{FAE04EC0-301F-11D3-BF4B-00C04F79EFBC}") = "Ejercicio1Listas", "Ejercicio1Listas.csproj", "{07E12AE5-5078-4D1A-BA0D-06088814FCCF}"
EndProject
Global
	GlobalSection(SolutionConfigurationPlatforms) = preSolution
		Debug|Any CPU = Debug|Any CPU
		Release|Any CPU = Release|Any CPU
	EndGlobalSection
	GlobalSection(ProjectConfigurationPlatforms) = postSolution
		{07E12AE5-5078-4D1A-BA0D-06088814FCCF}.Debug|Any CPU.ActiveCfg = Debug|Any CPU
		{07E12AE5-5078-4D1A-BA0D-06088814FCCF}.Debug|Any CPU.Build.0 = Debug|Any CPU
		{07E12AE5-5078-4D1A-BA0D-06088814FCCF}.Release|Any CPU.ActiveCfg = Release|Any CPU
		{07E12AE5-5078-4D1A-BA0D-06088814FCCF}.Release|Any CPU.Build.0 = Release|Any CPU
	EndGlobalSection
	GlobalSection(SolutionProperties) = preSolution
		HideSolutionNode = FALSE
	EndGlobalSection
	GlobalSection(ExtensibilityGlobals) = postSolution
		SolutionGuid = {E5104030-8674-4993-83F3-0F287087C492}
	EndGlobalSection
EndGlobal
